
Microsoft Visual Studio Solution File, Format Version 12.00
# Visual Studio Version 16
VisualStudioVersion = 16.0.29920.165
MinimumVisualStudioVersion = 10.0.40219.1
Project("{9A19103F-16F7-4668-BE54-9A1E7A4F7556}") = "Asp.NetCoreWebApi", "dotnetCoreWebApi\Asp.NetCoreWebApi.csproj", "{5751817F-C740-46AE-8AB3-332DA33E59C4}"
EndProject
Global
	GlobalSection(SolutionConfigurationPlatforms) = preSolution
		Debug|Any CPU = Debug|Any CPU
		Release|Any CPU = Release|Any CPU
	EndGlobalSection
	GlobalSection(ProjectConfigurationPlatforms) = postSolution
		{5751817F-C740-46AE-8AB3-332DA33E59C4}.Debug|Any CPU.ActiveCfg = Debug|Any CPU
		{5751817F-C740-46AE-8AB3-332DA33E59C4}.Debug|Any CPU.Build.0 = Debug|Any CPU
		{5751817F-C740-46AE-8AB3-332DA33E59C4}.Release|Any CPU.ActiveCfg = Release|Any CPU
		{5751817F-C740-46AE-8AB3-332DA33E59C4}.Release|Any CPU.Build.0 = Release|Any CPU
	EndGlobalSection
	GlobalSection(SolutionProperties) = preSolution
		HideSolutionNode = FALSE
	EndGlobalSection
	GlobalSection(ExtensibilityGlobals) = postSolution
		SolutionGuid = {CEE00C15-3D86-4FEC-A0D0-93995AC411CD}
	EndGlobalSection
EndGlobal
